<Solution>
  <Project Path="MissionControl.Agent/MissionControl.Agent.csproj" Id="be58040c-d4b0-4045-b81b-789092ec34e3" />
  <Project Path="MissionControl.Archive/MissionControl.Archive.csproj" />
  <Project Path="MissionControl.Contracts/MissionControl.Contracts.csproj" />
  <Project Path="MissionControl.Dashboard/MissionControl.Dashboard.csproj" />
  <Project Path="MissionControl.Gateway/MissionControl.Gateway.csproj" />
  <Project Path="MissionControl.GitActivity/MissionControl.GitActivity.csproj" Id="d38b3f82-93f6-4872-9484-c1bf74efd075" />
  <Project Path="MissionControl.Messaging.RabbitMq/MissionControl.Messaging.RabbitMq.csproj" Id="1e707882-81ba-44d4-9a1d-664f76083dc9" />
  <Project Path="MissionControl.Mobile/MissionControl.Mobile.csproj" Id="aefb2c87-d77b-46e5-8451-03cd413d32a2">
    <Deploy Solution="Debug|*" />
  </Project>
  <Project Path="MissionControl.Observability/MissionControl.Observability.csproj" Id="ef5f5617-b718-4e7a-a8ab-a2bca7c4f4f0" />
  <Project Path="MissionControl.Tests/MissionControl.Tests.csproj" />
  <Project Path="MissionControl.UI/MissionControl.UI.csproj" Id="bf770cd4-2099-48a3-a261-93838de6aa18" />
</Solution>
